
Microsoft Visual Studio Solution File, Format Version 12.00
Project("{FAE04EC0-301F-11D3-BF4B-00C04F79EFBC}") = "webBeta.NSerializer", "webBeta.NSerializer\webBeta.NSerializer.csproj", "{AC2AE95E-5FCE-40E6-A27C-AF10DC1ABAEA}"
EndProject
Project("{FAE04EC0-301F-11D3-BF4B-00C04F79EFBC}") = "webBeta.NSerializer.Test", "webBeta.NSerializer.Test\webBeta.NSerializer.Test.csproj", "{5405C5E8-0A0A-4DE9-808E-8714DD933471}"
EndProject
Global
	GlobalSection(SolutionConfigurationPlatforms) = preSolution
		Debug|Any CPU = Debug|Any CPU
		Release|Any CPU = Release|Any CPU
	EndGlobalSection
	GlobalSection(ProjectConfigurationPlatforms) = postSolution
		{AC2AE95E-5FCE-40E6-A27C-AF10DC1ABAEA}.Debug|Any CPU.ActiveCfg = Debug|Any CPU
		{AC2AE95E-5FCE-40E6-A27C-AF10DC1ABAEA}.Debug|Any CPU.Build.0 = Debug|Any CPU
		{AC2AE95E-5FCE-40E6-A27C-AF10DC1ABAEA}.Release|Any CPU.ActiveCfg = Release|Any CPU
		{AC2AE95E-5FCE-40E6-A27C-AF10DC1ABAEA}.Release|Any CPU.Build.0 = Release|Any CPU
		{5405C5E8-0A0A-4DE9-808E-8714DD933471}.Debug|Any CPU.ActiveCfg = Debug|Any CPU
		{5405C5E8-0A0A-4DE9-808E-8714DD933471}.Debug|Any CPU.Build.0 = Debug|Any CPU
		{5405C5E8-0A0A-4DE9-808E-8714DD933471}.Release|Any CPU.ActiveCfg = Release|Any CPU
		{5405C5E8-0A0A-4DE9-808E-8714DD933471}.Release|Any CPU.Build.0 = Release|Any CPU
	EndGlobalSection
EndGlobal
